// !$*UTF8*$!
{
	archiveVersion = 1;
	classes = {
	};
	objectVersion = 51;
	objects = {

/* Begin PBXBuildFile section */
		2D4ECDDB926F932B9092CCAC /* Pods_AdidasCodingChallengeTests.framework in Frameworks */ = {isa = PBXBuildFile; fileRef = 75BCA5EA369DBEAE23416DC4 /* Pods_AdidasCodingChallengeTests.framework */; };
		397C6795862C0C1208D3D95C /* Pods_AdidasCodingChallenge_AdidasCodingChallengeUITests.framework in Frameworks */ = {isa = PBXBuildFile; fileRef = A71D8BA6B172E76CA47BBD3A /* Pods_AdidasCodingChallenge_AdidasCodingChallengeUITests.framework */; };
		740AC630260F9D9D002506FE /* ReviewViewModel.swift in Sources */ = {isa = PBXBuildFile; fileRef = 740AC62F260F9D9D002506FE /* ReviewViewModel.swift */; };
		740AC6382610A41F002506FE /* BaseViewController.swift in Sources */ = {isa = PBXBuildFile; fileRef = 740AC6372610A41F002506FE /* BaseViewController.swift */; };
		740AC6452610C001002506FE /* ProductServiceMockAPI.swift in Sources */ = {isa = PBXBuildFile; fileRef = 740AC63D2610BBBE002506FE /* ProductServiceMockAPI.swift */; };
		740AC65B2610CA3D002506FE /* ReviewServiceMockAPI.swift in Sources */ = {isa = PBXBuildFile; fileRef = 740AC65A2610CA3D002506FE /* ReviewServiceMockAPI.swift */; };
		743B5E2B260E768100504DAA /* ProductsTableViewCell.swift in Sources */ = {isa = PBXBuildFile; fileRef = 743B5E2A260E768100504DAA /* ProductsTableViewCell.swift */; };
		743B5E30260E76C900504DAA /* Product.swift in Sources */ = {isa = PBXBuildFile; fileRef = 743B5E2F260E76C900504DAA /* Product.swift */; };
		743B5E35260EFB2800504DAA /* ProductService.swift in Sources */ = {isa = PBXBuildFile; fileRef = 743B5E34260EFB2800504DAA /* ProductService.swift */; };
		743B5E3F260F0B2200504DAA /* ProductViewModel.swift in Sources */ = {isa = PBXBuildFile; fileRef = 743B5E3E260F0B2200504DAA /* ProductViewModel.swift */; };
		743B5E44260F0FDB00504DAA /* Review.swift in Sources */ = {isa = PBXBuildFile; fileRef = 743B5E43260F0FDB00504DAA /* Review.swift */; };
		743B5E49260F17CF00504DAA /* ProductServiceAdapter.swift in Sources */ = {isa = PBXBuildFile; fileRef = 743B5E48260F17CF00504DAA /* ProductServiceAdapter.swift */; };
		743B5E63260F22B800504DAA /* ProductDetailTableViewCell.swift in Sources */ = {isa = PBXBuildFile; fileRef = 743B5E62260F22B800504DAA /* ProductDetailTableViewCell.swift */; };
		743B5E6B260F24CD00504DAA /* ReviewTableViewCell.swift in Sources */ = {isa = PBXBuildFile; fileRef = 743B5E6A260F24CD00504DAA /* ReviewTableViewCell.swift */; };
		743B5E7A260F4F3C00504DAA /* ReviewService.swift in Sources */ = {isa = PBXBuildFile; fileRef = 743B5E79260F4F3C00504DAA /* ReviewService.swift */; };
		743B5E82260F522000504DAA /* Extensions.swift in Sources */ = {isa = PBXBuildFile; fileRef = 743B5E81260F522000504DAA /* Extensions.swift */; };
		743B5E8F260F5AE700504DAA /* ReviewViewController.swift in Sources */ = {isa = PBXBuildFile; fileRef = 743B5E8E260F5AE600504DAA /* ReviewViewController.swift */; };
		74426C08260DF72600300386 /* AppDelegate.swift in Sources */ = {isa = PBXBuildFile; fileRef = 74426C07260DF72600300386 /* AppDelegate.swift */; };
		74426C0A260DF72600300386 /* SceneDelegate.swift in Sources */ = {isa = PBXBuildFile; fileRef = 74426C09260DF72600300386 /* SceneDelegate.swift */; };
		74426C0C260DF72600300386 /* ProductsViewController.swift in Sources */ = {isa = PBXBuildFile; fileRef = 74426C0B260DF72600300386 /* ProductsViewController.swift */; };
		74426C0F260DF72600300386 /* Main.storyboard in Resources */ = {isa = PBXBuildFile; fileRef = 74426C0D260DF72600300386 /* Main.storyboard */; };
		74426C11260DF72A00300386 /* Assets.xcassets in Resources */ = {isa = PBXBuildFile; fileRef = 74426C10260DF72A00300386 /* Assets.xcassets */; };
		74426C14260DF72A00300386 /* LaunchScreen.storyboard in Resources */ = {isa = PBXBuildFile; fileRef = 74426C12260DF72A00300386 /* LaunchScreen.storyboard */; };
		74426C1F260DF72B00300386 /* AdidasCodingChallengeTests.swift in Sources */ = {isa = PBXBuildFile; fileRef = 74426C1E260DF72B00300386 /* AdidasCodingChallengeTests.swift */; };
		74426C2A260DF72B00300386 /* AdidasCodingChallengeUITests.swift in Sources */ = {isa = PBXBuildFile; fileRef = 74426C29260DF72B00300386 /* AdidasCodingChallengeUITests.swift */; };
		74426C41260E752400300386 /* ProductDetailViewController.swift in Sources */ = {isa = PBXBuildFile; fileRef = 74426C40260E752400300386 /* ProductDetailViewController.swift */; };
		FDAA6A7816B9A3B4A0DE2E08 /* Pods_AdidasCodingChallenge.framework in Frameworks */ = {isa = PBXBuildFile; fileRef = 50534A56DA75E2BE8134EB34 /* Pods_AdidasCodingChallenge.framework */; };
/* End PBXBuildFile section */

/* Begin PBXContainerItemProxy section */
		74426C1B260DF72B00300386 /* PBXContainerItemProxy */ = {
			isa = PBXContainerItemProxy;
			containerPortal = 74426BFC260DF72600300386 /* Project object */;
			proxyType = 1;
			remoteGlobalIDString = 74426C03260DF72600300386;
			remoteInfo = AdidasCodingChallenge;
		};
		74426C26260DF72B00300386 /* PBXContainerItemProxy */ = {
			isa = PBXContainerItemProxy;
			containerPortal = 74426BFC260DF72600300386 /* Project object */;
			proxyType = 1;
			remoteGlobalIDString = 74426C03260DF72600300386;
			remoteInfo = AdidasCodingChallenge;
		};
/* End PBXContainerItemProxy section */

/* Begin PBXFileReference section */
		50534A56DA75E2BE8134EB34 /* Pods_AdidasCodingChallenge.framework */ = {isa = PBXFileReference; explicitFileType = wrapper.framework; includeInIndex = 0; path = Pods_AdidasCodingChallenge.framework; sourceTree = BUILT_PRODUCTS_DIR; };
		740AC62F260F9D9D002506FE /* ReviewViewModel.swift */ = {isa = PBXFileReference; lastKnownFileType = sourcecode.swift; path = ReviewViewModel.swift; sourceTree = "<group>"; };
		740AC6372610A41F002506FE /* BaseViewController.swift */ = {isa = PBXFileReference; lastKnownFileType = sourcecode.swift; path = BaseViewController.swift; sourceTree = "<group>"; };
		740AC63D2610BBBE002506FE /* ProductServiceMockAPI.swift */ = {isa = PBXFileReference; lastKnownFileType = sourcecode.swift; path = ProductServiceMockAPI.swift; sourceTree = "<group>"; };
		740AC65A2610CA3D002506FE /* ReviewServiceMockAPI.swift */ = {isa = PBXFileReference; lastKnownFileType = sourcecode.swift; path = ReviewServiceMockAPI.swift; sourceTree = "<group>"; };
		743B5E2A260E768100504DAA /* ProductsTableViewCell.swift */ = {isa = PBXFileReference; lastKnownFileType = sourcecode.swift; path = ProductsTableViewCell.swift; sourceTree = "<group>"; };
		743B5E2F260E76C900504DAA /* Product.swift */ = {isa = PBXFileReference; lastKnownFileType = sourcecode.swift; path = Product.swift; sourceTree = "<group>"; };
		743B5E34260EFB2800504DAA /* ProductService.swift */ = {isa = PBXFileReference; lastKnownFileType = sourcecode.swift; path = ProductService.swift; sourceTree = "<group>"; };
		743B5E3E260F0B2200504DAA /* ProductViewModel.swift */ = {isa = PBXFileReference; lastKnownFileType = sourcecode.swift; path = ProductViewModel.swift; sourceTree = "<group>"; };
		743B5E43260F0FDB00504DAA /* Review.swift */ = {isa = PBXFileReference; lastKnownFileType = sourcecode.swift; path = Review.swift; sourceTree = "<group>"; };
		743B5E48260F17CF00504DAA /* ProductServiceAdapter.swift */ = {isa = PBXFileReference; lastKnownFileType = sourcecode.swift; path = ProductServiceAdapter.swift; sourceTree = "<group>"; };
		743B5E62260F22B800504DAA /* ProductDetailTableViewCell.swift */ = {isa = PBXFileReference; lastKnownFileType = sourcecode.swift; path = ProductDetailTableViewCell.swift; sourceTree = "<group>"; };
		743B5E6A260F24CD00504DAA /* ReviewTableViewCell.swift */ = {isa = PBXFileReference; lastKnownFileType = sourcecode.swift; path = ReviewTableViewCell.swift; sourceTree = "<group>"; };
		743B5E79260F4F3C00504DAA /* ReviewService.swift */ = {isa = PBXFileReference; lastKnownFileType = sourcecode.swift; path = ReviewService.swift; sourceTree = "<group>"; };
		743B5E81260F522000504DAA /* Extensions.swift */ = {isa = PBXFileReference; lastKnownFileType = sourcecode.swift; path = Extensions.swift; sourceTree = "<group>"; };
		743B5E8E260F5AE600504DAA /* ReviewViewController.swift */ = {isa = PBXFileReference; lastKnownFileType = sourcecode.swift; path = ReviewViewController.swift; sourceTree = "<group>"; };
		74426C04260DF72600300386 /* AdidasCodingChallenge.app */ = {isa = PBXFileReference; explicitFileType = wrapper.application; includeInIndex = 0; path = AdidasCodingChallenge.app; sourceTree = BUILT_PRODUCTS_DIR; };
		74426C07260DF72600300386 /* AppDelegate.swift */ = {isa = PBXFileReference; lastKnownFileType = sourcecode.swift; path = AppDelegate.swift; sourceTree = "<group>"; };
		74426C09260DF72600300386 /* SceneDelegate.swift */ = {isa = PBXFileReference; lastKnownFileType = sourcecode.swift; path = SceneDelegate.swift; sourceTree = "<group>"; };
		74426C0B260DF72600300386 /* ProductsViewController.swift */ = {isa = PBXFileReference; lastKnownFileType = sourcecode.swift; path = ProductsViewController.swift; sourceTree = "<group>"; };
		74426C0E260DF72600300386 /* Base */ = {isa = PBXFileReference; lastKnownFileType = file.storyboard; name = Base; path = Base.lproj/Main.storyboard; sourceTree = "<group>"; };
		74426C10260DF72A00300386 /* Assets.xcassets */ = {isa = PBXFileReference; lastKnownFileType = folder.assetcatalog; path = Assets.xcassets; sourceTree = "<group>"; };
		74426C13260DF72A00300386 /* Base */ = {isa = PBXFileReference; lastKnownFileType = file.storyboard; name = Base; path = Base.lproj/LaunchScreen.storyboard; sourceTree = "<group>"; };
		74426C15260DF72A00300386 /* Info.plist */ = {isa = PBXFileReference; lastKnownFileType = text.plist.xml; path = Info.plist; sourceTree = "<group>"; };
		74426C1A260DF72B00300386 /* AdidasCodingChallengeTests.xctest */ = {isa = PBXFileReference; explicitFileType = wrapper.cfbundle; includeInIndex = 0; path = AdidasCodingChallengeTests.xctest; sourceTree = BUILT_PRODUCTS_DIR; };
		74426C1E260DF72B00300386 /* AdidasCodingChallengeTests.swift */ = {isa = PBXFileReference; lastKnownFileType = sourcecode.swift; path = AdidasCodingChallengeTests.swift; sourceTree = "<group>"; };
		74426C20260DF72B00300386 /* Info.plist */ = {isa = PBXFileReference; lastKnownFileType = text.plist.xml; path = Info.plist; sourceTree = "<group>"; };
		74426C25260DF72B00300386 /* AdidasCodingChallengeUITests.xctest */ = {isa = PBXFileReference; explicitFileType = wrapper.cfbundle; includeInIndex = 0; path = AdidasCodingChallengeUITests.xctest; sourceTree = BUILT_PRODUCTS_DIR; };
		74426C29260DF72B00300386 /* AdidasCodingChallengeUITests.swift */ = {isa = PBXFileReference; lastKnownFileType = sourcecode.swift; path = AdidasCodingChallengeUITests.swift; sourceTree = "<group>"; };
		74426C2B260DF72B00300386 /* Info.plist */ = {isa = PBXFileReference; lastKnownFileType = text.plist.xml; path = Info.plist; sourceTree = "<group>"; };
		74426C40260E752400300386 /* ProductDetailViewController.swift */ = {isa = PBXFileReference; lastKnownFileType = sourcecode.swift; path = ProductDetailViewController.swift; sourceTree = "<group>"; };
		75BCA5EA369DBEAE23416DC4 /* Pods_AdidasCodingChallengeTests.framework */ = {isa = PBXFileReference; explicitFileType = wrapper.framework; includeInIndex = 0; path = Pods_AdidasCodingChallengeTests.framework; sourceTree = BUILT_PRODUCTS_DIR; };
		7A7571242448C68D06581069 /* Pods-AdidasCodingChallenge-AdidasCodingChallengeUITests.release.xcconfig */ = {isa = PBXFileReference; includeInIndex = 1; lastKnownFileType = text.xcconfig; name = "Pods-AdidasCodingChallenge-AdidasCodingChallengeUITests.release.xcconfig"; path = "Target Support Files/Pods-AdidasCodingChallenge-AdidasCodingChallengeUITests/Pods-AdidasCodingChallenge-AdidasCodingChallengeUITests.release.xcconfig"; sourceTree = "<group>"; };
		7E8DDF3BFC5DB8F70E89404F /* Pods-AdidasCodingChallengeTests.debug.xcconfig */ = {isa = PBXFileReference; includeInIndex = 1; lastKnownFileType = text.xcconfig; name = "Pods-AdidasCodingChallengeTests.debug.xcconfig"; path = "Target Support Files/Pods-AdidasCodingChallengeTests/Pods-AdidasCodingChallengeTests.debug.xcconfig"; sourceTree = "<group>"; };
		7F0559B55B08F1D3CAE3B799 /* Pods-AdidasCodingChallengeTests.release.xcconfig */ = {isa = PBXFileReference; includeInIndex = 1; lastKnownFileType = text.xcconfig; name = "Pods-AdidasCodingChallengeTests.release.xcconfig"; path = "Target Support Files/Pods-AdidasCodingChallengeTests/Pods-AdidasCodingChallengeTests.release.xcconfig"; sourceTree = "<group>"; };
		A71D8BA6B172E76CA47BBD3A /* Pods_AdidasCodingChallenge_AdidasCodingChallengeUITests.framework */ = {isa = PBXFileReference; explicitFileType = wrapper.framework; includeInIndex = 0; path = Pods_AdidasCodingChallenge_AdidasCodingChallengeUITests.framework; sourceTree = BUILT_PRODUCTS_DIR; };
		B000435F10CD74DEBF75E396 /* Pods-AdidasCodingChallenge.debug.xcconfig */ = {isa = PBXFileReference; includeInIndex = 1; lastKnownFileType = text.xcconfig; name = "Pods-AdidasCodingChallenge.debug.xcconfig"; path = "Target Support Files/Pods-AdidasCodingChallenge/Pods-AdidasCodingChallenge.debug.xcconfig"; sourceTree = "<group>"; };
		C61F5610FDF7A104860CF206 /* Pods-AdidasCodingChallenge-AdidasCodingChallengeUITests.debug.xcconfig */ = {isa = PBXFileReference; includeInIndex = 1; lastKnownFileType = text.xcconfig; name = "Pods-AdidasCodingChallenge-AdidasCodingChallengeUITests.debug.xcconfig"; path = "Target Support Files/Pods-AdidasCodingChallenge-AdidasCodingChallengeUITests/Pods-AdidasCodingChallenge-AdidasCodingChallengeUITests.debug.xcconfig"; sourceTree = "<group>"; };
		D0021BE1AFF6219FFD080241 /* Pods-AdidasCodingChallenge.release.xcconfig */ = {isa = PBXFileReference; includeInIndex = 1; lastKnownFileType = text.xcconfig; name = "Pods-AdidasCodingChallenge.release.xcconfig"; path = "Target Support Files/Pods-AdidasCodingChallenge/Pods-AdidasCodingChallenge.release.xcconfig"; sourceTree = "<group>"; };
/* End PBXFileReference section */

/* Begin PBXFrameworksBuildPhase section */
		74426C01260DF72600300386 /* Frameworks */ = {
			isa = PBXFrameworksBuildPhase;
			buildActionMask = 2147483647;
			files = (
				FDAA6A7816B9A3B4A0DE2E08 /* Pods_AdidasCodingChallenge.framework in Frameworks */,
			);
			runOnlyForDeploymentPostprocessing = 0;
		};
		74426C17260DF72B00300386 /* Frameworks */ = {
			isa = PBXFrameworksBuildPhase;
			buildActionMask = 2147483647;
			files = (
				2D4ECDDB926F932B9092CCAC /* Pods_AdidasCodingChallengeTests.framework in Frameworks */,
			);
			runOnlyForDeploymentPostprocessing = 0;
		};
		74426C22260DF72B00300386 /* Frameworks */ = {
			isa = PBXFrameworksBuildPhase;
			buildActionMask = 2147483647;
			files = (
				397C6795862C0C1208D3D95C /* Pods_AdidasCodingChallenge_AdidasCodingChallengeUITests.framework in Frameworks */,
			);
			runOnlyForDeploymentPostprocessing = 0;
		};
/* End PBXFrameworksBuildPhase section */

/* Begin PBXGroup section */
		30A8DC0E17A4AE1E9D86767B /* Pods */ = {
			isa = PBXGroup;
			children = (
				B000435F10CD74DEBF75E396 /* Pods-AdidasCodingChallenge.debug.xcconfig */,
				D0021BE1AFF6219FFD080241 /* Pods-AdidasCodingChallenge.release.xcconfig */,
				C61F5610FDF7A104860CF206 /* Pods-AdidasCodingChallenge-AdidasCodingChallengeUITests.debug.xcconfig */,
				7A7571242448C68D06581069 /* Pods-AdidasCodingChallenge-AdidasCodingChallengeUITests.release.xcconfig */,
				7E8DDF3BFC5DB8F70E89404F /* Pods-AdidasCodingChallengeTests.debug.xcconfig */,
				7F0559B55B08F1D3CAE3B799 /* Pods-AdidasCodingChallengeTests.release.xcconfig */,
			);
			path = Pods;
			sourceTree = "<group>";
		};
		740AC62E260F9CD0002506FE /* ViewModels */ = {
			isa = PBXGroup;
			children = (
				743B5E3E260F0B2200504DAA /* ProductViewModel.swift */,
				740AC62F260F9D9D002506FE /* ReviewViewModel.swift */,
			);
			path = ViewModels;
			sourceTree = "<group>";
		};
		740AC63C2610BBAF002506FE /* Mocks */ = {
			isa = PBXGroup;
			children = (
				740AC63D2610BBBE002506FE /* ProductServiceMockAPI.swift */,
				740AC65A2610CA3D002506FE /* ReviewServiceMockAPI.swift */,
			);
			path = Mocks;
			sourceTree = "<group>";
		};
		743B5E57260F221D00504DAA /* Models */ = {
			isa = PBXGroup;
			children = (
				743B5E2F260E76C900504DAA /* Product.swift */,
				743B5E43260F0FDB00504DAA /* Review.swift */,
			);
			path = Models;
			sourceTree = "<group>";
		};
		743B5E5E260F224100504DAA /* Services */ = {
			isa = PBXGroup;
			children = (
				743B5E79260F4F3C00504DAA /* ReviewService.swift */,
				743B5E34260EFB2800504DAA /* ProductService.swift */,
			);
			path = Services;
			sourceTree = "<group>";
		};
		743B5E5F260F225B00504DAA /* Resources */ = {
			isa = PBXGroup;
			children = (
				74426C07260DF72600300386 /* AppDelegate.swift */,
				74426C09260DF72600300386 /* SceneDelegate.swift */,
				74426C0D260DF72600300386 /* Main.storyboard */,
				74426C10260DF72A00300386 /* Assets.xcassets */,
				74426C12260DF72A00300386 /* LaunchScreen.storyboard */,
				743B5E81260F522000504DAA /* Extensions.swift */,
			);
			path = Resources;
			sourceTree = "<group>";
		};
		743B5E60260F227000504DAA /* ViewControllers */ = {
			isa = PBXGroup;
			children = (
				74426C40260E752400300386 /* ProductDetailViewController.swift */,
				74426C0B260DF72600300386 /* ProductsViewController.swift */,
				743B5E8E260F5AE600504DAA /* ReviewViewController.swift */,
				740AC6372610A41F002506FE /* BaseViewController.swift */,
			);
			path = ViewControllers;
			sourceTree = "<group>";
		};
		743B5E61260F229300504DAA /* Views */ = {
			isa = PBXGroup;
			children = (
				743B5E2A260E768100504DAA /* ProductsTableViewCell.swift */,
				743B5E62260F22B800504DAA /* ProductDetailTableViewCell.swift */,
				743B5E6A260F24CD00504DAA /* ReviewTableViewCell.swift */,
			);
			path = Views;
			sourceTree = "<group>";
		};
		74426BFB260DF72600300386 = {
			isa = PBXGroup;
			children = (
				74426C06260DF72600300386 /* AdidasCodingChallenge */,
				74426C1D260DF72B00300386 /* AdidasCodingChallengeTests */,
				74426C28260DF72B00300386 /* AdidasCodingChallengeUITests */,
				74426C05260DF72600300386 /* Products */,
				30A8DC0E17A4AE1E9D86767B /* Pods */,
				7BA065A548D882B002B10F16 /* Frameworks */,
			);
			sourceTree = "<group>";
		};
		74426C05260DF72600300386 /* Products */ = {
			isa = PBXGroup;
			children = (
				74426C04260DF72600300386 /* AdidasCodingChallenge.app */,
				74426C1A260DF72B00300386 /* AdidasCodingChallengeTests.xctest */,
				74426C25260DF72B00300386 /* AdidasCodingChallengeUITests.xctest */,
			);
			name = Products;
			sourceTree = "<group>";
		};
		74426C06260DF72600300386 /* AdidasCodingChallenge */ = {
			isa = PBXGroup;
			children = (
				740AC62E260F9CD0002506FE /* ViewModels */,
				743B5E61260F229300504DAA /* Views */,
				743B5E60260F227000504DAA /* ViewControllers */,
				743B5E5F260F225B00504DAA /* Resources */,
				743B5E5E260F224100504DAA /* Services */,
				743B5E57260F221D00504DAA /* Models */,
				74426C15260DF72A00300386 /* Info.plist */,
				743B5E48260F17CF00504DAA /* ProductServiceAdapter.swift */,
			);
			path = AdidasCodingChallenge;
			sourceTree = "<group>";
		};
		74426C1D260DF72B00300386 /* AdidasCodingChallengeTests */ = {
			isa = PBXGroup;
			children = (
				740AC63C2610BBAF002506FE /* Mocks */,
				74426C1E260DF72B00300386 /* AdidasCodingChallengeTests.swift */,
				74426C20260DF72B00300386 /* Info.plist */,
			);
			path = AdidasCodingChallengeTests;
			sourceTree = "<group>";
		};
		74426C28260DF72B00300386 /* AdidasCodingChallengeUITests */ = {
			isa = PBXGroup;
			children = (
				74426C29260DF72B00300386 /* AdidasCodingChallengeUITests.swift */,
				74426C2B260DF72B00300386 /* Info.plist */,
			);
			path = AdidasCodingChallengeUITests;
			sourceTree = "<group>";
		};
		7BA065A548D882B002B10F16 /* Frameworks */ = {
			isa = PBXGroup;
			children = (
				50534A56DA75E2BE8134EB34 /* Pods_AdidasCodingChallenge.framework */,
				A71D8BA6B172E76CA47BBD3A /* Pods_AdidasCodingChallenge_AdidasCodingChallengeUITests.framework */,
				75BCA5EA369DBEAE23416DC4 /* Pods_AdidasCodingChallengeTests.framework */,
			);
			name = Frameworks;
			sourceTree = "<group>";
		};
/* End PBXGroup section */

/* Begin PBXNativeTarget section */
		74426C03260DF72600300386 /* AdidasCodingChallenge */ = {
			isa = PBXNativeTarget;
			buildConfigurationList = 74426C2E260DF72B00300386 /* Build configuration list for PBXNativeTarget "AdidasCodingChallenge" */;
			buildPhases = (
				B5AFF0E8FA78778A53756BE6 /* [CP] Check Pods Manifest.lock */,
				74426C00260DF72600300386 /* Sources */,
				74426C01260DF72600300386 /* Frameworks */,
				74426C02260DF72600300386 /* Resources */,
				DDD10476E1BCFE6F86294DA6 /* [CP] Embed Pods Frameworks */,
			);
			buildRules = (
			);
			dependencies = (
			);
			name = AdidasCodingChallenge;
			productName = AdidasCodingChallenge;
			productReference = 74426C04260DF72600300386 /* AdidasCodingChallenge.app */;
			productType = "com.apple.product-type.application";
		};
		74426C19260DF72B00300386 /* AdidasCodingChallengeTests */ = {
			isa = PBXNativeTarget;
			buildConfigurationList = 74426C31260DF72B00300386 /* Build configuration list for PBXNativeTarget "AdidasCodingChallengeTests" */;
			buildPhases = (
				5938E8CEA968C16256FDD10A /* [CP] Check Pods Manifest.lock */,
				74426C16260DF72B00300386 /* Sources */,
				74426C17260DF72B00300386 /* Frameworks */,
				74426C18260DF72B00300386 /* Resources */,
			);
			buildRules = (
			);
			dependencies = (
				74426C1C260DF72B00300386 /* PBXTargetDependency */,
			);
			name = AdidasCodingChallengeTests;
			productName = AdidasCodingChallengeTests;
			productReference = 74426C1A260DF72B00300386 /* AdidasCodingChallengeTests.xctest */;
			productType = "com.apple.product-type.bundle.unit-test";
		};
		74426C24260DF72B00300386 /* AdidasCodingChallengeUITests */ = {
			isa = PBXNativeTarget;
			buildConfigurationList = 74426C34260DF72B00300386 /* Build configuration list for PBXNativeTarget "AdidasCodingChallengeUITests" */;
			buildPhases = (
				67E4E8B8EB2551494092B16C /* [CP] Check Pods Manifest.lock */,
				74426C21260DF72B00300386 /* Sources */,
				74426C22260DF72B00300386 /* Frameworks */,
				74426C23260DF72B00300386 /* Resources */,
				9C0EE1352441261985FE4128 /* [CP] Embed Pods Frameworks */,
			);
			buildRules = (
			);
			dependencies = (
				74426C27260DF72B00300386 /* PBXTargetDependency */,
			);
			name = AdidasCodingChallengeUITests;
			productName = AdidasCodingChallengeUITests;
			productReference = 74426C25260DF72B00300386 /* AdidasCodingChallengeUITests.xctest */;
			productType = "com.apple.product-type.bundle.ui-testing";
		};
/* End PBXNativeTarget section */

/* Begin PBXProject section */
		74426BFC260DF72600300386 /* Project object */ = {
			isa = PBXProject;
			attributes = {
				LastSwiftUpdateCheck = 1240;
				LastUpgradeCheck = 1240;
				TargetAttributes = {
					74426C03260DF72600300386 = {
						CreatedOnToolsVersion = 12.4;
					};
					74426C19260DF72B00300386 = {
						CreatedOnToolsVersion = 12.4;
						TestTargetID = 74426C03260DF72600300386;
					};
					74426C24260DF72B00300386 = {
						CreatedOnToolsVersion = 12.4;
						TestTargetID = 74426C03260DF72600300386;
					};
				};
			};
			buildConfigurationList = 74426BFF260DF72600300386 /* Build configuration list for PBXProject "AdidasCodingChallenge" */;
			compatibilityVersion = "Xcode 9.3";
			developmentRegion = en;
			hasScannedForEncodings = 0;
			knownRegions = (
				en,
				Base,
			);
			mainGroup = 74426BFB260DF72600300386;
			productRefGroup = 74426C05260DF72600300386 /* Products */;
			projectDirPath = "";
			projectRoot = "";
			targets = (
				74426C03260DF72600300386 /* AdidasCodingChallenge */,
				74426C19260DF72B00300386 /* AdidasCodingChallengeTests */,
				74426C24260DF72B00300386 /* AdidasCodingChallengeUITests */,
			);
		};
/* End PBXProject section */

/* Begin PBXResourcesBuildPhase section */
		74426C02260DF72600300386 /* Resources */ = {
			isa = PBXResourcesBuildPhase;
			buildActionMask = 2147483647;
			files = (
				74426C14260DF72A00300386 /* LaunchScreen.storyboard in Resources */,
				74426C11260DF72A00300386 /* Assets.xcassets in Resources */,
				74426C0F260DF72600300386 /* Main.storyboard in Resources */,
			);
			runOnlyForDeploymentPostprocessing = 0;
		};
		74426C18260DF72B00300386 /* Resources */ = {
			isa = PBXResourcesBuildPhase;
			buildActionMask = 2147483647;
			files = (
			);
			runOnlyForDeploymentPostprocessing = 0;
		};
		74426C23260DF72B00300386 /* Resources */ = {
			isa = PBXResourcesBuildPhase;
			buildActionMask = 2147483647;
			files = (
			);
			runOnlyForDeploymentPostprocessing = 0;
		};
/* End PBXResourcesBuildPhase section */

/* Begin PBXShellScriptBuildPhase section */
		5938E8CEA968C16256FDD10A /* [CP] Check Pods Manifest.lock */ = {
			isa = PBXShellScriptBuildPhase;
			buildActionMask = 2147483647;
			files = (
			);
			inputFileListPaths = (
			);
			inputPaths = (
				"${PODS_PODFILE_DIR_PATH}/Podfile.lock",
				"${PODS_ROOT}/Manifest.lock",
			);
			name = "[CP] Check Pods Manifest.lock";
			outputFileListPaths = (
			);
			outputPaths = (
				"$(DERIVED_FILE_DIR)/Pods-AdidasCodingChallengeTests-checkManifestLockResult.txt",
			);
			runOnlyForDeploymentPostprocessing = 0;
			shellPath = /bin/sh;
			shellScript = "diff \"${PODS_PODFILE_DIR_PATH}/Podfile.lock\" \"${PODS_ROOT}/Manifest.lock\" > /dev/null\nif [ $? != 0 ] ; then\n    # print error to STDERR\n    echo \"error: The sandbox is not in sync with the Podfile.lock. Run 'pod install' or update your CocoaPods installation.\" >&2\n    exit 1\nfi\n# This output is used by Xcode 'outputs' to avoid re-running this script phase.\necho \"SUCCESS\" > \"${SCRIPT_OUTPUT_FILE_0}\"\n";
			showEnvVarsInLog = 0;
		};
		67E4E8B8EB2551494092B16C /* [CP] Check Pods Manifest.lock */ = {
			isa = PBXShellScriptBuildPhase;
			buildActionMask = 2147483647;
			files = (
			);
			inputFileListPaths = (
			);
			inputPaths = (
				"${PODS_PODFILE_DIR_PATH}/Podfile.lock",
				"${PODS_ROOT}/Manifest.lock",
			);
			name = "[CP] Check Pods Manifest.lock";
			outputFileListPaths = (
			);
			outputPaths = (
				"$(DERIVED_FILE_DIR)/Pods-AdidasCodingChallenge-AdidasCodingChallengeUITests-checkManifestLockResult.txt",
			);
			runOnlyForDeploymentPostprocessing = 0;
			shellPath = /bin/sh;
			shellScript = "diff \"${PODS_PODFILE_DIR_PATH}/Podfile.lock\" \"${PODS_ROOT}/Manifest.lock\" > /dev/null\nif [ $? != 0 ] ; then\n    # print error to STDERR\n    echo \"error: The sandbox is not in sync with the Podfile.lock. Run 'pod install' or update your CocoaPods installation.\" >&2\n    exit 1\nfi\n# This output is used by Xcode 'outputs' to avoid re-running this script phase.\necho \"SUCCESS\" > \"${SCRIPT_OUTPUT_FILE_0}\"\n";
			showEnvVarsInLog = 0;
		};
		9C0EE1352441261985FE4128 /* [CP] Embed Pods Frameworks */ = {
			isa = PBXShellScriptBuildPhase;
			buildActionMask = 2147483647;
			files = (
			);
			inputFileListPaths = (
				"${PODS_ROOT}/Target Support Files/Pods-AdidasCodingChallenge-AdidasCodingChallengeUITests/Pods-AdidasCodingChallenge-AdidasCodingChallengeUITests-frameworks-${CONFIGURATION}-input-files.xcfilelist",
			);
			name = "[CP] Embed Pods Frameworks";
			outputFileListPaths = (
				"${PODS_ROOT}/Target Support Files/Pods-AdidasCodingChallenge-AdidasCodingChallengeUITests/Pods-AdidasCodingChallenge-AdidasCodingChallengeUITests-frameworks-${CONFIGURATION}-output-files.xcfilelist",
			);
			runOnlyForDeploymentPostprocessing = 0;
			shellPath = /bin/sh;
			shellScript = "\"${PODS_ROOT}/Target Support Files/Pods-AdidasCodingChallenge-AdidasCodingChallengeUITests/Pods-AdidasCodingChallenge-AdidasCodingChallengeUITests-frameworks.sh\"\n";
			showEnvVarsInLog = 0;
		};
		B5AFF0E8FA78778A53756BE6 /* [CP] Check Pods Manifest.lock */ = {
			isa = PBXShellScriptBuildPhase;
			buildActionMask = 2147483647;
			files = (
			);
			inputFileListPaths = (
			);
			inputPaths = (
				"${PODS_PODFILE_DIR_PATH}/Podfile.lock",
				"${PODS_ROOT}/Manifest.lock",
			);
			name = "[CP] Check Pods Manifest.lock";
			outputFileListPaths = (
			);
			outputPaths = (
				"$(DERIVED_FILE_DIR)/Pods-AdidasCodingChallenge-checkManifestLockResult.txt",
			);
			runOnlyForDeploymentPostprocessing = 0;
			shellPath = /bin/sh;
			shellScript = "diff \"${PODS_PODFILE_DIR_PATH}/Podfile.lock\" \"${PODS_ROOT}/Manifest.lock\" > /dev/null\nif [ $? != 0 ] ; then\n    # print error to STDERR\n    echo \"error: The sandbox is not in sync with the Podfile.lock. Run 'pod install' or update your CocoaPods installation.\" >&2\n    exit 1\nfi\n# This output is used by Xcode 'outputs' to avoid re-running this script phase.\necho \"SUCCESS\" > \"${SCRIPT_OUTPUT_FILE_0}\"\n";
			showEnvVarsInLog = 0;
		};
		DDD10476E1BCFE6F86294DA6 /* [CP] Embed Pods Frameworks */ = {
			isa = PBXShellScriptBuildPhase;
			buildActionMask = 2147483647;
			files = (
			);
			inputFileListPaths = (
				"${PODS_ROOT}/Target Support Files/Pods-AdidasCodingChallenge/Pods-AdidasCodingChallenge-frameworks-${CONFIGURATION}-input-files.xcfilelist",
			);
			name = "[CP] Embed Pods Frameworks";
			outputFileListPaths = (
				"${PODS_ROOT}/Target Support Files/Pods-AdidasCodingChallenge/Pods-AdidasCodingChallenge-frameworks-${CONFIGURATION}-output-files.xcfilelist",
			);
			runOnlyForDeploymentPostprocessing = 0;
			shellPath = /bin/sh;
			shellScript = "\"${PODS_ROOT}/Target Support Files/Pods-AdidasCodingChallenge/Pods-AdidasCodingChallenge-frameworks.sh\"\n";
			showEnvVarsInLog = 0;
		};
/* End PBXShellScriptBuildPhase section */

/* Begin PBXSourcesBuildPhase section */
		74426C00260DF72600300386 /* Sources */ = {
			isa = PBXSourcesBuildPhase;
			buildActionMask = 2147483647;
			files = (
				74426C0C260DF72600300386 /* ProductsViewController.swift in Sources */,
				743B5E7A260F4F3C00504DAA /* ReviewService.swift in Sources */,
				743B5E8F260F5AE700504DAA /* ReviewViewController.swift in Sources */,
				743B5E6B260F24CD00504DAA /* ReviewTableViewCell.swift in Sources */,
				743B5E44260F0FDB00504DAA /* Review.swift in Sources */,
				743B5E2B260E768100504DAA /* ProductsTableViewCell.swift in Sources */,
				74426C41260E752400300386 /* ProductDetailViewController.swift in Sources */,
				740AC6382610A41F002506FE /* BaseViewController.swift in Sources */,
				74426C08260DF72600300386 /* AppDelegate.swift in Sources */,
				74426C0A260DF72600300386 /* SceneDelegate.swift in Sources */,
				743B5E63260F22B800504DAA /* ProductDetailTableViewCell.swift in Sources */,
				743B5E49260F17CF00504DAA /* ProductServiceAdapter.swift in Sources */,
				743B5E3F260F0B2200504DAA /* ProductViewModel.swift in Sources */,
				743B5E35260EFB2800504DAA /* ProductService.swift in Sources */,
				743B5E30260E76C900504DAA /* Product.swift in Sources */,
				740AC630260F9D9D002506FE /* ReviewViewModel.swift in Sources */,
				743B5E82260F522000504DAA /* Extensions.swift in Sources */,
			);
			runOnlyForDeploymentPostprocessing = 0;
		};
		74426C16260DF72B00300386 /* Sources */ = {
			isa = PBXSourcesBuildPhase;
			buildActionMask = 2147483647;
			files = (
				740AC6452610C001002506FE /* ProductServiceMockAPI.swift in Sources */,
				740AC65B2610CA3D002506FE /* ReviewServiceMockAPI.swift in Sources */,
				74426C1F260DF72B00300386 /* AdidasCodingChallengeTests.swift in Sources */,
			);
			runOnlyForDeploymentPostprocessing = 0;
		};
		74426C21260DF72B00300386 /* Sources */ = {
			isa = PBXSourcesBuildPhase;
			buildActionMask = 2147483647;
			files = (
				74426C2A260DF72B00300386 /* AdidasCodingChallengeUITests.swift in Sources */,
			);
			runOnlyForDeploymentPostprocessing = 0;
		};
/* End PBXSourcesBuildPhase section */

/* Begin PBXTargetDependency section */
		74426C1C260DF72B00300386 /* PBXTargetDependency */ = {
			isa = PBXTargetDependency;
			target = 74426C03260DF72600300386 /* AdidasCodingChallenge */;
			targetProxy = 74426C1B260DF72B00300386 /* PBXContainerItemProxy */;
		};
		74426C27260DF72B00300386 /* PBXTargetDependency */ = {
			isa = PBXTargetDependency;
			target = 74426C03260DF72600300386 /* AdidasCodingChallenge */;
			targetProxy = 74426C26260DF72B00300386 /* PBXContainerItemProxy */;
		};
/* End PBXTargetDependency section */

/* Begin PBXVariantGroup section */
		74426C0D260DF72600300386 /* Main.storyboard */ = {
			isa = PBXVariantGroup;
			children = (
				74426C0E260DF72600300386 /* Base */,
			);
			name = Main.storyboard;
			sourceTree = "<group>";
		};
		74426C12260DF72A00300386 /* LaunchScreen.storyboard */ = {
			isa = PBXVariantGroup;
			children = (
				74426C13260DF72A00300386 /* Base */,
			);
			name = LaunchScreen.storyboard;
			sourceTree = "<group>";
		};
/* End PBXVariantGroup section */

/* Begin XCBuildConfiguration section */
		74426C2C260DF72B00300386 /* Debug */ = {
			isa = XCBuildConfiguration;
			buildSettings = {
				ALWAYS_SEARCH_USER_PATHS = NO;
				CLANG_ANALYZER_NONNULL = YES;
				CLANG_ANALYZER_NUMBER_OBJECT_CONVERSION = YES_AGGRESSIVE;
				CLANG_CXX_LANGUAGE_STANDARD = "gnu++14";
				CLANG_CXX_LIBRARY = "libc++";
				CLANG_ENABLE_MODULES = YES;
				CLANG_ENABLE_OBJC_ARC = YES;
				CLANG_ENABLE_OBJC_WEAK = YES;
				CLANG_WARN_BLOCK_CAPTURE_AUTORELEASING = YES;
				CLANG_WARN_BOOL_CONVERSION = YES;
				CLANG_WARN_COMMA = YES;
				CLANG_WARN_CONSTANT_CONVERSION = YES;
				CLANG_WARN_DEPRECATED_OBJC_IMPLEMENTATIONS = YES;
				CLANG_WARN_DIRECT_OBJC_ISA_USAGE = YES_ERROR;
				CLANG_WARN_DOCUMENTATION_COMMENTS = YES;
				CLANG_WARN_EMPTY_BODY = YES;
				CLANG_WARN_ENUM_CONVERSION = YES;
				CLANG_WARN_INFINITE_RECURSION = YES;
				CLANG_WARN_INT_CONVERSION = YES;
				CLANG_WARN_NON_LITERAL_NULL_CONVERSION = YES;
				CLANG_WARN_OBJC_IMPLICIT_RETAIN_SELF = YES;
				CLANG_WARN_OBJC_LITERAL_CONVERSION = YES;
				CLANG_WARN_OBJC_ROOT_CLASS = YES_ERROR;
				CLANG_WARN_QUOTED_INCLUDE_IN_FRAMEWORK_HEADER = YES;
				CLANG_WARN_RANGE_LOOP_ANALYSIS = YES;
				CLANG_WARN_STRICT_PROTOTYPES = YES;
				CLANG_WARN_SUSPICIOUS_MOVE = YES;
				CLANG_WARN_UNGUARDED_AVAILABILITY = YES_AGGRESSIVE;
				CLANG_WARN_UNREACHABLE_CODE = YES;
				CLANG_WARN__DUPLICATE_METHOD_MATCH = YES;
				COPY_PHASE_STRIP = NO;
				DEBUG_INFORMATION_FORMAT = dwarf;
				ENABLE_STRICT_OBJC_MSGSEND = YES;
				ENABLE_TESTABILITY = YES;
				GCC_C_LANGUAGE_STANDARD = gnu11;
				GCC_DYNAMIC_NO_PIC = NO;
				GCC_NO_COMMON_BLOCKS = YES;
				GCC_OPTIMIZATION_LEVEL = 0;
				GCC_PREPROCESSOR_DEFINITIONS = (
					"DEBUG=1",
					"$(inherited)",
				);
				GCC_WARN_64_TO_32_BIT_CONVERSION = YES;
				GCC_WARN_ABOUT_RETURN_TYPE = YES_ERROR;
				GCC_WARN_UNDECLARED_SELECTOR = YES;
				GCC_WARN_UNINITIALIZED_AUTOS = YES_AGGRESSIVE;
				GCC_WARN_UNUSED_FUNCTION = YES;
				GCC_WARN_UNUSED_VARIABLE = YES;
				IPHONEOS_DEPLOYMENT_TARGET = 14.4;
				MTL_ENABLE_DEBUG_INFO = INCLUDE_SOURCE;
				MTL_FAST_MATH = YES;
				ONLY_ACTIVE_ARCH = YES;
				SDKROOT = iphoneos;
				SWIFT_ACTIVE_COMPILATION_CONDITIONS = DEBUG;
				SWIFT_OPTIMIZATION_LEVEL = "-Onone";
			};
			name = Debug;
		};
		74426C2D260DF72B00300386 /* Release */ = {
			isa = XCBuildConfiguration;
			buildSettings = {
				ALWAYS_SEARCH_USER_PATHS = NO;
				CLANG_ANALYZER_NONNULL = YES;
				CLANG_ANALYZER_NUMBER_OBJECT_CONVERSION = YES_AGGRESSIVE;
				CLANG_CXX_LANGUAGE_STANDARD = "gnu++14";
				CLANG_CXX_LIBRARY = "libc++";
				CLANG_ENABLE_MODULES = YES;
				CLANG_ENABLE_OBJC_ARC = YES;
				CLANG_ENABLE_OBJC_WEAK = YES;
				CLANG_WARN_BLOCK_CAPTURE_AUTORELEASING = YES;
				CLANG_WARN_BOOL_CONVERSION = YES;
				CLANG_WARN_COMMA = YES;
				CLANG_WARN_CONSTANT_CONVERSION = YES;
				CLANG_WARN_DEPRECATED_OBJC_IMPLEMENTATIONS = YES;
				CLANG_WARN_DIRECT_OBJC_ISA_USAGE = YES_ERROR;
				CLANG_WARN_DOCUMENTATION_COMMENTS = YES;
				CLANG_WARN_EMPTY_BODY = YES;
				CLANG_WARN_ENUM_CONVERSION = YES;
				CLANG_WARN_INFINITE_RECURSION = YES;
				CLANG_WARN_INT_CONVERSION = YES;
				CLANG_WARN_NON_LITERAL_NULL_CONVERSION = YES;
				CLANG_WARN_OBJC_IMPLICIT_RETAIN_SELF = YES;
				CLANG_WARN_OBJC_LITERAL_CONVERSION = YES;
				CLANG_WARN_OBJC_ROOT_CLASS = YES_ERROR;
				CLANG_WARN_QUOTED_INCLUDE_IN_FRAMEWORK_HEADER = YES;
				CLANG_WARN_RANGE_LOOP_ANALYSIS = YES;
				CLANG_WARN_STRICT_PROTOTYPES = YES;
				CLANG_WARN_SUSPICIOUS_MOVE = YES;
				CLANG_WARN_UNGUARDED_AVAILABILITY = YES_AGGRESSIVE;
				CLANG_WARN_UNREACHABLE_CODE = YES;
				CLANG_WARN__DUPLICATE_METHOD_MATCH = YES;
				COPY_PHASE_STRIP = NO;
				DEBUG_INFORMATION_FORMAT = "dwarf-with-dsym";
				ENABLE_NS_ASSERTIONS = NO;
				ENABLE_STRICT_OBJC_MSGSEND = YES;
				GCC_C_LANGUAGE_STANDARD = gnu11;
				GCC_NO_COMMON_BLOCKS = YES;
				GCC_WARN_64_TO_32_BIT_CONVERSION = YES;
				GCC_WARN_ABOUT_RETURN_TYPE = YES_ERROR;
				GCC_WARN_UNDECLARED_SELECTOR = YES;
				GCC_WARN_UNINITIALIZED_AUTOS = YES_AGGRESSIVE;
				GCC_WARN_UNUSED_FUNCTION = YES;
				GCC_WARN_UNUSED_VARIABLE = YES;
				IPHONEOS_DEPLOYMENT_TARGET = 14.4;
				MTL_ENABLE_DEBUG_INFO = NO;
				MTL_FAST_MATH = YES;
				SDKROOT = iphoneos;
				SWIFT_COMPILATION_MODE = wholemodule;
				SWIFT_OPTIMIZATION_LEVEL = "-O";
				VALIDATE_PRODUCT = YES;
			};
			name = Release;
		};
		74426C2F260DF72B00300386 /* Debug */ = {
			isa = XCBuildConfiguration;
			baseConfigurationReference = B000435F10CD74DEBF75E396 /* Pods-AdidasCodingChallenge.debug.xcconfig */;
			buildSettings = {
				ASSETCATALOG_COMPILER_APPICON_NAME = AppIcon;
				ASSETCATALOG_COMPILER_GLOBAL_ACCENT_COLOR_NAME = AccentColor;
				CODE_SIGN_STYLE = Automatic;
				DEVELOPMENT_TEAM = 5YDCF7K6B9;
				INFOPLIST_FILE = AdidasCodingChallenge/Info.plist;
				LD_RUNPATH_SEARCH_PATHS = (
					"$(inherited)",
					"@executable_path/Frameworks",
				);
				PRODUCT_BUNDLE_IDENTIFIER = com.saadware.AdidasCodingChallenge;
				PRODUCT_NAME = "$(TARGET_NAME)";
				SWIFT_VERSION = 5.0;
				TARGETED_DEVICE_FAMILY = "1,2";
			};
			name = Debug;
		};
		74426C30260DF72B00300386 /* Release */ = {
			isa = XCBuildConfiguration;
			baseConfigurationReference = D0021BE1AFF6219FFD080241 /* Pods-AdidasCodingChallenge.release.xcconfig */;
			buildSettings = {
				ASSETCATALOG_COMPILER_APPICON_NAME = AppIcon;
				ASSETCATALOG_COMPILER_GLOBAL_ACCENT_COLOR_NAME = AccentColor;
				CODE_SIGN_STYLE = Automatic;
				DEVELOPMENT_TEAM = 5YDCF7K6B9;
				INFOPLIST_FILE = AdidasCodingChallenge/Info.plist;
				LD_RUNPATH_SEARCH_PATHS = (
					"$(inherited)",
					"@executable_path/Frameworks",
				);
				PRODUCT_BUNDLE_IDENTIFIER = com.saadware.AdidasCodingChallenge;
				PRODUCT_NAME = "$(TARGET_NAME)";
				SWIFT_VERSION = 5.0;
				TARGETED_DEVICE_FAMILY = "1,2";
			};
			name = Release;
		};
		74426C32260DF72B00300386 /* Debug */ = {
			isa = XCBuildConfiguration;
			baseConfigurationReference = 7E8DDF3BFC5DB8F70E89404F /* Pods-AdidasCodingChallengeTests.debug.xcconfig */;
			buildSettings = {
				ALWAYS_EMBED_SWIFT_STANDARD_LIBRARIES = YES;
				BUNDLE_LOADER = "$(TEST_HOST)";
				CODE_SIGN_STYLE = Automatic;
				DEVELOPMENT_TEAM = 5YDCF7K6B9;
				INFOPLIST_FILE = AdidasCodingChallengeTests/Info.plist;
				IPHONEOS_DEPLOYMENT_TARGET = 14.4;
				LD_RUNPATH_SEARCH_PATHS = (
					"$(inherited)",
					"@executable_path/Frameworks",
					"@loader_path/Frameworks",
				);
				PRODUCT_BUNDLE_IDENTIFIER = com.saadware.AdidasCodingChallengeTests;
				PRODUCT_NAME = "$(TARGET_NAME)";
				SWIFT_VERSION = 5.0;
				TARGETED_DEVICE_FAMILY = "1,2";
				TEST_HOST = "$(BUILT_PRODUCTS_DIR)/AdidasCodingChallenge.app/AdidasCodingChallenge";
			};
			name = Debug;
		};
		74426C33260DF72B00300386 /* Release */ = {
			isa = XCBuildConfiguration;
			baseConfigurationReference = 7F0559B55B08F1D3CAE3B799 /* Pods-AdidasCodingChallengeTests.release.xcconfig */;
			buildSettings = {
				ALWAYS_EMBED_SWIFT_STANDARD_LIBRARIES = YES;
				BUNDLE_LOADER = "$(TEST_HOST)";
				CODE_SIGN_STYLE = Automatic;
				DEVELOPMENT_TEAM = 5YDCF7K6B9;
				INFOPLIST_FILE = AdidasCodingChallengeTests/Info.plist;
				IPHONEOS_DEPLOYMENT_TARGET = 14.4;
				LD_RUNPATH_SEARCH_PATHS = (
					"$(inherited)",
					"@executable_path/Frameworks",
					"@loader_path/Frameworks",
				);
				PRODUCT_BUNDLE_IDENTIFIER = com.saadware.AdidasCodingChallengeTests;
				PRODUCT_NAME = "$(TARGET_NAME)";
				SWIFT_VERSION = 5.0;
				TARGETED_DEVICE_FAMILY = "1,2";
				TEST_HOST = "$(BUILT_PRODUCTS_DIR)/AdidasCodingChallenge.app/AdidasCodingChallenge";
			};
			name = Release;
		};
		74426C35260DF72B00300386 /* Debug */ = {
			isa = XCBuildConfiguration;
			baseConfigurationReference = C61F5610FDF7A104860CF206 /* Pods-AdidasCodingChallenge-AdidasCodingChallengeUITests.debug.xcconfig */;
			buildSettings = {
				ALWAYS_EMBED_SWIFT_STANDARD_LIBRARIES = YES;
				CODE_SIGN_STYLE = Automatic;
				DEVELOPMENT_TEAM = 5YDCF7K6B9;
				INFOPLIST_FILE = AdidasCodingChallengeUITests/Info.plist;
				LD_RUNPATH_SEARCH_PATHS = (
					"$(inherited)",
					"@executable_path/Frameworks",
					"@loader_path/Frameworks",
				);
				PRODUCT_BUNDLE_IDENTIFIER = com.saadware.AdidasCodingChallengeUITests;
				PRODUCT_NAME = "$(TARGET_NAME)";
				SWIFT_VERSION = 5.0;
				TARGETED_DEVICE_FAMILY = "1,2";
				TEST_TARGET_NAME = AdidasCodingChallenge;
			};
			name = Debug;
		};
		74426C36260DF72B00300386 /* Release */ = {
			isa = XCBuildConfiguration;
			baseConfigurationReference = 7A7571242448C68D06581069 /* Pods-AdidasCodingChallenge-AdidasCodingChallengeUITests.release.xcconfig */;
			buildSettings = {
				ALWAYS_EMBED_SWIFT_STANDARD_LIBRARIES = YES;
				CODE_SIGN_STYLE = Automatic;
				DEVELOPMENT_TEAM = 5YDCF7K6B9;
				INFOPLIST_FILE = AdidasCodingChallengeUITests/Info.plist;
				LD_RUNPATH_SEARCH_PATHS = (
					"$(inherited)",
					"@executable_path/Frameworks",
					"@loader_path/Frameworks",
				);
				PRODUCT_BUNDLE_IDENTIFIER = com.saadware.AdidasCodingChallengeUITests;
				PRODUCT_NAME = "$(TARGET_NAME)";
				SWIFT_VERSION = 5.0;
				TARGETED_DEVICE_FAMILY = "1,2";
				TEST_TARGET_NAME = AdidasCodingChallenge;
			};
			name = Release;
		};
/* End XCBuildConfiguration section */

/* Begin XCConfigurationList section */
		74426BFF260DF72600300386 /* Build configuration list for PBXProject "AdidasCodingChallenge" */ = {
			isa = XCConfigurationList;
			buildConfigurations = (
				74426C2C260DF72B00300386 /* Debug */,
				74426C2D260DF72B00300386 /* Release */,
			);
			defaultConfigurationIsVisible = 0;
			defaultConfigurationName = Release;
		};
		74426C2E260DF72B00300386 /* Build configuration list for PBXNativeTarget "AdidasCodingChallenge" */ = {
			isa = XCConfigurationList;
			buildConfigurations = (
				74426C2F260DF72B00300386 /* Debug */,
				74426C30260DF72B00300386 /* Release */,
			);
			defaultConfigurationIsVisible = 0;
			defaultConfigurationName = Release;
		};
		74426C31260DF72B00300386 /* Build configuration list for PBXNativeTarget "AdidasCodingChallengeTests" */ = {
			isa = XCConfigurationList;
			buildConfigurations = (
				74426C32260DF72B00300386 /* Debug */,
				74426C33260DF72B00300386 /* Release */,
			);
			defaultConfigurationIsVisible = 0;
			defaultConfigurationName = Release;
		};
		74426C34260DF72B00300386 /* Build configuration list for PBXNativeTarget "AdidasCodingChallengeUITests" */ = {
			isa = XCConfigurationList;
			buildConfigurations = (
				74426C35260DF72B00300386 /* Debug */,
				74426C36260DF72B00300386 /* Release */,
			);
			defaultConfigurationIsVisible = 0;
			defaultConfigurationName = Release;
		};
/* End XCConfigurationList section */
	};
	rootObject = 74426BFC260DF72600300386 /* Project object */;
}
